// !$*UTF8*$!
{
	archiveVersion = 1;
	classes = {
	};
	objectVersion = 46;
	objects = {

/* Begin PBXBuildFile section */
		3B484AA71BA7CDB800E6748E /* main.m in Sources */ = {isa = PBXBuildFile; fileRef = 3B484AA61BA7CDB800E6748E /* main.m */; };
		3B484AAA1BA7CDB800E6748E /* AppDelegate.m in Sources */ = {isa = PBXBuildFile; fileRef = 3B484AA91BA7CDB800E6748E /* AppDelegate.m */; };
		3B484AAD1BA7CDB800E6748E /* ViewController.m in Sources */ = {isa = PBXBuildFile; fileRef = 3B484AAC1BA7CDB800E6748E /* ViewController.m */; };
		3B484AB01BA7CDB800E6748E /* Main.storyboard in Resources */ = {isa = PBXBuildFile; fileRef = 3B484AAE1BA7CDB800E6748E /* Main.storyboard */; };
		3B484AB21BA7CDB800E6748E /* Images.xcassets in Resources */ = {isa = PBXBuildFile; fileRef = 3B484AB11BA7CDB800E6748E /* Images.xcassets */; };
		3B484AB51BA7CDB800E6748E /* LaunchScreen.xib in Resources */ = {isa = PBXBuildFile; fileRef = 3B484AB31BA7CDB800E6748E /* LaunchScreen.xib */; };
		3B484AC11BA7CDB800E6748E /* FoodBookTests.m in Sources */ = {isa = PBXBuildFile; fileRef = 3B484AC01BA7CDB800E6748E /* FoodBookTests.m */; };
/* End PBXBuildFile section */

/* Begin PBXContainerItemProxy section */
		3B484ABB1BA7CDB800E6748E /* PBXContainerItemProxy */ = {
			isa = PBXContainerItemProxy;
			containerPortal = 3B484A991BA7CDB700E6748E /* Project object */;
			proxyType = 1;
			remoteGlobalIDString = 3B484AA01BA7CDB700E6748E;
			remoteInfo = FoodBook;
		};
/* End PBXContainerItemProxy section */

/* Begin PBXFileReference section */
		3B484AA11BA7CDB700E6748E /* FoodBook.app */ = {isa = PBXFileReference; explicitFileType = wrapper.application; includeInIndex = 0; path = FoodBook.app; sourceTree = BUILT_PRODUCTS_DIR; };
		3B484AA51BA7CDB700E6748E /* Info.plist */ = {isa = PBXFileReference; lastKnownFileType = text.plist.xml; path = Info.plist; sourceTree = "<group>"; };
		3B484AA61BA7CDB800E6748E /* main.m */ = {isa = PBXFileReference; lastKnownFileType = sourcecode.c.objc; path = main.m; sourceTree = "<group>"; };
		3B484AA81BA7CDB800E6748E /* AppDelegate.h */ = {isa = PBXFileReference; lastKnownFileType = sourcecode.c.h; path = AppDelegate.h; sourceTree = "<group>"; };
		3B484AA91BA7CDB800E6748E /* AppDelegate.m */ = {isa = PBXFileReference; lastKnownFileType = sourcecode.c.objc; path = AppDelegate.m; sourceTree = "<group>"; };
		3B484AAB1BA7CDB800E6748E /* ViewController.h */ = {isa = PBXFileReference; lastKnownFileType = sourcecode.c.h; path = ViewController.h; sourceTree = "<group>"; };
		3B484AAC1BA7CDB800E6748E /* ViewController.m */ = {isa = PBXFileReference; lastKnownFileType = sourcecode.c.objc; path = ViewController.m; sourceTree = "<group>"; };
		3B484AAF1BA7CDB800E6748E /* Base */ = {isa = PBXFileReference; lastKnownFileType = file.storyboard; name = Base; path = Base.lproj/Main.storyboard; sourceTree = "<group>"; };
		3B484AB11BA7CDB800E6748E /* Images.xcassets */ = {isa = PBXFileReference; lastKnownFileType = folder.assetcatalog; path = Images.xcassets; sourceTree = "<group>"; };
		3B484AB41BA7CDB800E6748E /* Base */ = {isa = PBXFileReference; lastKnownFileType = file.xib; name = Base; path = Base.lproj/LaunchScreen.xib; sourceTree = "<group>"; };
		3B484ABA1BA7CDB800E6748E /* FoodBookTests.xctest */ = {isa = PBXFileReference; explicitFileType = wrapper.cfbundle; includeInIndex = 0; path = FoodBookTests.xctest; sourceTree = BUILT_PRODUCTS_DIR; };
		3B484ABF1BA7CDB800E6748E /* Info.plist */ = {isa = PBXFileReference; lastKnownFileType = text.plist.xml; path = Info.plist; sourceTree = "<group>"; };
		3B484AC01BA7CDB800E6748E /* FoodBookTests.m */ = {isa = PBXFileReference; lastKnownFileType = sourcecode.c.objc; path = FoodBookTests.m; sourceTree = "<group>"; };
/* End PBXFileReference section */

/* Begin PBXFrameworksBuildPhase section */
		3B484A9E1BA7CDB700E6748E /* Frameworks */ = {
			isa = PBXFrameworksBuildPhase;
			buildActionMask = 2147483647;
			files = (
			);
			runOnlyForDeploymentPostprocessing = 0;
		};
		3B484AB71BA7CDB800E6748E /* Frameworks */ = {
			isa = PBXFrameworksBuildPhase;
			buildActionMask = 2147483647;
			files = (
			);
			runOnlyForDeploymentPostprocessing = 0;
		};
/* End PBXFrameworksBuildPhase section */

/* Begin PBXGroup section */
		3B484A981BA7CDB700E6748E = {
			isa = PBXGroup;
			children = (
				3B484AA31BA7CDB700E6748E /* FoodBook */,
				3B484ABD1BA7CDB800E6748E /* FoodBookTests */,
				3B484AA21BA7CDB700E6748E /* Products */,
			);
			sourceTree = "<group>";
		};
		3B484AA21BA7CDB700E6748E /* Products */ = {
			isa = PBXGroup;
			children = (
				3B484AA11BA7CDB700E6748E /* FoodBook.app */,
				3B484ABA1BA7CDB800E6748E /* FoodBookTests.xctest */,
			);
			name = Products;
			sourceTree = "<group>";
		};
		3B484AA31BA7CDB700E6748E /* FoodBook */ = {
			isa = PBXGroup;
			children = (
				3B484AA81BA7CDB800E6748E /* AppDelegate.h */,
				3B484AA91BA7CDB800E6748E /* AppDelegate.m */,
				3B484AAB1BA7CDB800E6748E /* ViewController.h */,
				3B484AAC1BA7CDB800E6748E /* ViewController.m */,
				3B484AAE1BA7CDB800E6748E /* Main.storyboard */,
				3B484AB11BA7CDB800E6748E /* Images.xcassets */,
				3B484AB31BA7CDB800E6748E /* LaunchScreen.xib */,
				3B484AA41BA7CDB700E6748E /* Supporting Files */,
			);
			path = FoodBook;
			sourceTree = "<group>";
		};
		3B484AA41BA7CDB700E6748E /* Supporting Files */ = {
			isa = PBXGroup;
			children = (
				3B484AA51BA7CDB700E6748E /* Info.plist */,
				3B484AA61BA7CDB800E6748E /* main.m */,
			);
			name = "Supporting Files";
			sourceTree = "<group>";
		};
		3B484ABD1BA7CDB800E6748E /* FoodBookTests */ = {
			isa = PBXGroup;
			children = (
				3B484AC01BA7CDB800E6748E /* FoodBookTests.m */,
				3B484ABE1BA7CDB800E6748E /* Supporting Files */,
			);
			path = FoodBookTests;
			sourceTree = "<group>";
		};
		3B484ABE1BA7CDB800E6748E /* Supporting Files */ = {
			isa = PBXGroup;
			children = (
				3B484ABF1BA7CDB800E6748E /* Info.plist */,
			);
			name = "Supporting Files";
			sourceTree = "<group>";
		};
/* End PBXGroup section */

/* Begin PBXNativeTarget section */
		3B484AA01BA7CDB700E6748E /* FoodBook */ = {
			isa = PBXNativeTarget;
			buildConfigurationList = 3B484AC41BA7CDB800E6748E /* Build configuration list for PBXNativeTarget "FoodBook" */;
			buildPhases = (
				3B484A9D1BA7CDB700E6748E /* Sources */,
				3B484A9E1BA7CDB700E6748E /* Frameworks */,
				3B484A9F1BA7CDB700E6748E /* Resources */,
			);
			buildRules = (
			);
			dependencies = (
			);
			name = FoodBook;
			productName = FoodBook;
			productReference = 3B484AA11BA7CDB700E6748E /* FoodBook.app */;
			productType = "com.apple.product-type.application";
		};
		3B484AB91BA7CDB800E6748E /* FoodBookTests */ = {
			isa = PBXNativeTarget;
			buildConfigurationList = 3B484AC71BA7CDB800E6748E /* Build configuration list for PBXNativeTarget "FoodBookTests" */;
			buildPhases = (
				3B484AB61BA7CDB800E6748E /* Sources */,
				3B484AB71BA7CDB800E6748E /* Frameworks */,
				3B484AB81BA7CDB800E6748E /* Resources */,
			);
			buildRules = (
			);
			dependencies = (
				3B484ABC1BA7CDB800E6748E /* PBXTargetDependency */,
			);
			name = FoodBookTests;
			productName = FoodBookTests;
			productReference = 3B484ABA1BA7CDB800E6748E /* FoodBookTests.xctest */;
			productType = "com.apple.product-type.bundle.unit-test";
		};
/* End PBXNativeTarget section */

/* Begin PBXProject section */
		3B484A991BA7CDB700E6748E /* Project object */ = {
			isa = PBXProject;
			attributes = {
				LastUpgradeCheck = 0640;
				ORGANIZATIONNAME = sansali;
				TargetAttributes = {
					3B484AA01BA7CDB700E6748E = {
						CreatedOnToolsVersion = 6.4;
					};
					3B484AB91BA7CDB800E6748E = {
						CreatedOnToolsVersion = 6.4;
						TestTargetID = 3B484AA01BA7CDB700E6748E;
					};
				};
			};
			buildConfigurationList = 3B484A9C1BA7CDB700E6748E /* Build configuration list for PBXProject "FoodBook" */;
			compatibilityVersion = "Xcode 3.2";
			developmentRegion = English;
			hasScannedForEncodings = 0;
			knownRegions = (
				en,
				Base,
			);
			mainGroup = 3B484A981BA7CDB700E6748E;
			productRefGroup = 3B484AA21BA7CDB700E6748E /* Products */;
			projectDirPath = "";
			projectRoot = "";
			targets = (
				3B484AA01BA7CDB700E6748E /* FoodBook */,
				3B484AB91BA7CDB800E6748E /* FoodBookTests */,
			);
		};
/* End PBXProject section */

/* Begin PBXResourcesBuildPhase section */
		3B484A9F1BA7CDB700E6748E /* Resources */ = {
			isa = PBXResourcesBuildPhase;
			buildActionMask = 2147483647;
			files = (
				3B484AB01BA7CDB800E6748E /* Main.storyboard in Resources */,
				3B484AB51BA7CDB800E6748E /* LaunchScreen.xib in Resources */,
				3B484AB21BA7CDB800E6748E /* Images.xcassets in Resources */,
			);
			runOnlyForDeploymentPostprocessing = 0;
		};
		3B484AB81BA7CDB800E6748E /* Resources */ = {
			isa = PBXResourcesBuildPhase;
			buildActionMask = 2147483647;
			files = (
			);
			runOnlyForDeploymentPostprocessing = 0;
		};
/* End PBXResourcesBuildPhase section */

/* Begin PBXSourcesBuildPhase section */
		3B484A9D1BA7CDB700E6748E /* Sources */ = {
			isa = PBXSourcesBuildPhase;
			buildActionMask = 2147483647;
			files = (
				3B484AAD1BA7CDB800E6748E /* ViewController.m in Sources */,
				3B484AAA1BA7CDB800E6748E /* AppDelegate.m in Sources */,
				3B484AA71BA7CDB800E6748E /* main.m in Sources */,
			);
			runOnlyForDeploymentPostprocessing = 0;
		};
		3B484AB61BA7CDB800E6748E /* Sources */ = {
			isa = PBXSourcesBuildPhase;
			buildActionMask = 2147483647;
			files = (
				3B484AC11BA7CDB800E6748E /* FoodBookTests.m in Sources */,
			);
			runOnlyForDeploymentPostprocessing = 0;
		};
/* End PBXSourcesBuildPhase section */

/* Begin PBXTargetDependency section */
		3B484ABC1BA7CDB800E6748E /* PBXTargetDependency */ = {
			isa = PBXTargetDependency;
			target = 3B484AA01BA7CDB700E6748E /* FoodBook */;
			targetProxy = 3B484ABB1BA7CDB800E6748E /* PBXContainerItemProxy */;
		};
/* End PBXTargetDependency section */

/* Begin PBXVariantGroup section */
		3B484AAE1BA7CDB800E6748E /* Main.storyboard */ = {
			isa = PBXVariantGroup;
			children = (
				3B484AAF1BA7CDB800E6748E /* Base */,
			);
			name = Main.storyboard;
			sourceTree = "<group>";
		};
		3B484AB31BA7CDB800E6748E /* LaunchScreen.xib */ = {
			isa = PBXVariantGroup;
			children = (
				3B484AB41BA7CDB800E6748E /* Base */,
			);
			name = LaunchScreen.xib;
			sourceTree = "<group>";
		};
/* End PBXVariantGroup section */

/* Begin XCBuildConfiguration section */
		3B484AC21BA7CDB800E6748E /* Debug */ = {
			isa = XCBuildConfiguration;
			buildSettings = {
				ALWAYS_SEARCH_USER_PATHS = NO;
				CLANG_CXX_LANGUAGE_STANDARD = "gnu++0x";
				CLANG_CXX_LIBRARY = "libc++";
				CLANG_ENABLE_MODULES = YES;
				CLANG_ENABLE_OBJC_ARC = YES;
				CLANG_WARN_BOOL_CONVERSION = YES;
				CLANG_WARN_CONSTANT_CONVERSION = YES;
				CLANG_WARN_DIRECT_OBJC_ISA_USAGE = YES_ERROR;
				CLANG_WARN_EMPTY_BODY = YES;
				CLANG_WARN_ENUM_CONVERSION = YES;
				CLANG_WARN_INT_CONVERSION = YES;
				CLANG_WARN_OBJC_ROOT_CLASS = YES_ERROR;
				CLANG_WARN_UNREACHABLE_CODE = YES;
				CLANG_WARN__DUPLICATE_METHOD_MATCH = YES;
				"CODE_SIGN_IDENTITY[sdk=iphoneos*]" = "iPhone Developer";
				COPY_PHASE_STRIP = NO;
				DEBUG_INFORMATION_FORMAT = "dwarf-with-dsym";
				ENABLE_STRICT_OBJC_MSGSEND = YES;
				GCC_C_LANGUAGE_STANDARD = gnu99;
				GCC_DYNAMIC_NO_PIC = NO;
				GCC_NO_COMMON_BLOCKS = YES;
				GCC_OPTIMIZATION_LEVEL = 0;
				GCC_PREPROCESSOR_DEFINITIONS = (
					"DEBUG=1",
					"$(inherited)",
				);
				GCC_SYMBOLS_PRIVATE_EXTERN = NO;
				GCC_WARN_64_TO_32_BIT_CONVERSION = YES;
				GCC_WARN_ABOUT_RETURN_TYPE = YES_ERROR;
				GCC_WARN_UNDECLARED_SELECTOR = YES;
				GCC_WARN_UNINITIALIZED_AUTOS = YES_AGGRESSIVE;
				GCC_WARN_UNUSED_FUNCTION = YES;
				GCC_WARN_UNUSED_VARIABLE = YES;
				IPHONEOS_DEPLOYMENT_TARGET = 8.4;
				MTL_ENABLE_DEBUG_INFO = YES;
				ONLY_ACTIVE_ARCH = YES;
				SDKROOT = iphoneos;
			};
			name = Debug;
		};
		3B484AC31BA7CDB800E6748E /* Release */ = {
			isa = XCBuildConfiguration;
			buildSettings = {
				ALWAYS_SEARCH_USER_PATHS = NO;
				CLANG_CXX_LANGUAGE_STANDARD = "gnu++0x";
				CLANG_CXX_LIBRARY = "libc++";
				CLANG_ENABLE_MODULES = YES;
				CLANG_ENABLE_OBJC_ARC = YES;
				CLANG_WARN_BOOL_CONVERSION = YES;
				CLANG_WARN_CONSTANT_CONVERSION = YES;
				CLANG_WARN_DIRECT_OBJC_ISA_USAGE = YES_ERROR;
				CLANG_WARN_EMPTY_BODY = YES;
				CLANG_WARN_ENUM_CONVERSION = YES;
				CLANG_WARN_INT_CONVERSION = YES;
				CLANG_WARN_OBJC_ROOT_CLASS = YES_ERROR;
				CLANG_WARN_UNREACHABLE_CODE = YES;
				CLANG_WARN__DUPLICATE_METHOD_MATCH = YES;
				"CODE_SIGN_IDENTITY[sdk=iphoneos*]" = "iPhone Developer";
				COPY_PHASE_STRIP = NO;
				DEBUG_INFORMATION_FORMAT = "dwarf-with-dsym";
				ENABLE_NS_ASSERTIONS = NO;
				ENABLE_STRICT_OBJC_MSGSEND = YES;
				GCC_C_LANGUAGE_STANDARD = gnu99;
				GCC_NO_COMMON_BLOCKS = YES;
				GCC_WARN_64_TO_32_BIT_CONVERSION = YES;
				GCC_WARN_ABOUT_RETURN_TYPE = YES_ERROR;
				GCC_WARN_UNDECLARED_SELECTOR = YES;
				GCC_WARN_UNINITIALIZED_AUTOS = YES_AGGRESSIVE;
				GCC_WARN_UNUSED_FUNCTION = YES;
				GCC_WARN_UNUSED_VARIABLE = YES;
				IPHONEOS_DEPLOYMENT_TARGET = 8.4;
				MTL_ENABLE_DEBUG_INFO = NO;
				SDKROOT = iphoneos;
				VALIDATE_PRODUCT = YES;
			};
			name = Release;
		};
		3B484AC51BA7CDB800E6748E /* Debug */ = {
			isa = XCBuildConfiguration;
			buildSettings = {
				ASSETCATALOG_COMPILER_APPICON_NAME = AppIcon;
				INFOPLIST_FILE = FoodBook/Info.plist;
				LD_RUNPATH_SEARCH_PATHS = "$(inherited) @executable_path/Frameworks";
				PRODUCT_NAME = "$(TARGET_NAME)";
			};
			name = Debug;
		};
		3B484AC61BA7CDB800E6748E /* Release */ = {
			isa = XCBuildConfiguration;
			buildSettings = {
				ASSETCATALOG_COMPILER_APPICON_NAME = AppIcon;
				INFOPLIST_FILE = FoodBook/Info.plist;
				LD_RUNPATH_SEARCH_PATHS = "$(inherited) @executable_path/Frameworks";
				PRODUCT_NAME = "$(TARGET_NAME)";
			};
			name = Release;
		};
		3B484AC81BA7CDB800E6748E /* Debug */ = {
			isa = XCBuildConfiguration;
			buildSettings = {
				BUNDLE_LOADER = "$(TEST_HOST)";
				FRAMEWORK_SEARCH_PATHS = (
					"$(SDKROOT)/Developer/Library/Frameworks",
					"$(inherited)",
				);
				GCC_PREPROCESSOR_DEFINITIONS = (
					"DEBUG=1",
					"$(inherited)",
				);
				INFOPLIST_FILE = FoodBookTests/Info.plist;
				LD_RUNPATH_SEARCH_PATHS = "$(inherited) @executable_path/Frameworks @loader_path/Frameworks";
				PRODUCT_NAME = "$(TARGET_NAME)";
				TEST_HOST = "$(BUILT_PRODUCTS_DIR)/FoodBook.app/FoodBook";
			};
			name = Debug;
		};
		3B484AC91BA7CDB800E6748E /* Release */ = {
			isa = XCBuildConfiguration;
			buildSettings = {
				BUNDLE_LOADER = "$(TEST_HOST)";
				FRAMEWORK_SEARCH_PATHS = (
					"$(SDKROOT)/Developer/Library/Frameworks",
					"$(inherited)",
				);
				INFOPLIST_FILE = FoodBookTests/Info.plist;
				LD_RUNPATH_SEARCH_PATHS = "$(inherited) @executable_path/Frameworks @loader_path/Frameworks";
				PRODUCT_NAME = "$(TARGET_NAME)";
				TEST_HOST = "$(BUILT_PRODUCTS_DIR)/FoodBook.app/FoodBook";
			};
			name = Release;
		};
/* End XCBuildConfiguration section */

/* Begin XCConfigurationList section */
		3B484A9C1BA7CDB700E6748E /* Build configuration list for PBXProject "FoodBook" */ = {
			isa = XCConfigurationList;
			buildConfigurations = (
				3B484AC21BA7CDB800E6748E /* Debug */,
				3B484AC31BA7CDB800E6748E /* Release */,
			);
			defaultConfigurationIsVisible = 0;
			defaultConfigurationName = Release;
		};
		3B484AC41BA7CDB800E6748E /* Build configuration list for PBXNativeTarget "FoodBook" */ = {
			isa = XCConfigurationList;
			buildConfigurations = (
				3B484AC51BA7CDB800E6748E /* Debug */,
				3B484AC61BA7CDB800E6748E /* Release */,
			);
			defaultConfigurationIsVisible = 0;
		};
		3B484AC71BA7CDB800E6748E /* Build configuration list for PBXNativeTarget "FoodBookTests" */ = {
			isa = XCConfigurationList;
			buildConfigurations = (
				3B484AC81BA7CDB800E6748E /* Debug */,
				3B484AC91BA7CDB800E6748E /* Release */,
			);
			defaultConfigurationIsVisible = 0;
		};
/* End XCConfigurationList section */
	};
	rootObject = 3B484A991BA7CDB700E6748E /* Project object */;
}
